
Microsoft Visual Studio Solution File, Format Version 12.00
# Visual Studio 15
VisualStudioVersion = 15.0.28010.2050
MinimumVisualStudioVersion = 10.0.40219.1
Project("{9A19103F-16F7-4668-BE54-9A1E7A4F7556}") = "WhatIf.Server", "WhatIf.Server\WhatIf.Server.csproj", "{3E5D8952-BA27-45D6-9622-4EBA8BE000E6}"
EndProject
Project("{9A19103F-16F7-4668-BE54-9A1E7A4F7556}") = "WhatIf.Client", "WhatIf.Client\WhatIf.Client.csproj", "{FB2A30E1-CF20-4E54-AE75-18264ED62240}"
EndProject
Project("{9A19103F-16F7-4668-BE54-9A1E7A4F7556}") = "WhatIf.Shared", "WhatIf.Shared\WhatIf.Shared.csproj", "{90A01BCA-6363-48BA-8C1B-0ADAB016B3D3}"
EndProject
Project("{2150E333-8FDC-42A3-9474-1A3956D46DE8}") = "Solution Items", "Solution Items", "{322C3916-4C33-4FBA-9218-17DAC6F6B3A7}"
	ProjectSection(SolutionItems) = preProject
		azure-pipelines.yml = azure-pipelines.yml
	EndProjectSection
EndProject
Project("{FAE04EC0-301F-11D3-BF4B-00C04F79EFBC}") = "WhatIf.Database", "WhatIf.Database\WhatIf.Database.csproj", "{E5A94BA6-9271-4361-9CE6-148832C93710}"
EndProject
Project("{FAE04EC0-301F-11D3-BF4B-00C04F79EFBC}") = "WhatIf.Migrations", "WhatIf.Migrations\WhatIf.Migrations.csproj", "{6B42F5A1-1134-4109-9D27-93B486DA8B9B}"
EndProject
Global
	GlobalSection(SolutionConfigurationPlatforms) = preSolution
		Debug|Any CPU = Debug|Any CPU
		Release|Any CPU = Release|Any CPU
	EndGlobalSection
	GlobalSection(ProjectConfigurationPlatforms) = postSolution
		{3E5D8952-BA27-45D6-9622-4EBA8BE000E6}.Debug|Any CPU.ActiveCfg = Debug|Any CPU
		{3E5D8952-BA27-45D6-9622-4EBA8BE000E6}.Debug|Any CPU.Build.0 = Debug|Any CPU
		{3E5D8952-BA27-45D6-9622-4EBA8BE000E6}.Release|Any CPU.ActiveCfg = Release|Any CPU
		{3E5D8952-BA27-45D6-9622-4EBA8BE000E6}.Release|Any CPU.Build.0 = Release|Any CPU
		{FB2A30E1-CF20-4E54-AE75-18264ED62240}.Debug|Any CPU.ActiveCfg = Debug|Any CPU
		{FB2A30E1-CF20-4E54-AE75-18264ED62240}.Debug|Any CPU.Build.0 = Debug|Any CPU
		{FB2A30E1-CF20-4E54-AE75-18264ED62240}.Release|Any CPU.ActiveCfg = Release|Any CPU
		{FB2A30E1-CF20-4E54-AE75-18264ED62240}.Release|Any CPU.Build.0 = Release|Any CPU
		{90A01BCA-6363-48BA-8C1B-0ADAB016B3D3}.Debug|Any CPU.ActiveCfg = Debug|Any CPU
		{90A01BCA-6363-48BA-8C1B-0ADAB016B3D3}.Debug|Any CPU.Build.0 = Debug|Any CPU
		{90A01BCA-6363-48BA-8C1B-0ADAB016B3D3}.Release|Any CPU.ActiveCfg = Release|Any CPU
		{90A01BCA-6363-48BA-8C1B-0ADAB016B3D3}.Release|Any CPU.Build.0 = Release|Any CPU
		{E5A94BA6-9271-4361-9CE6-148832C93710}.Debug|Any CPU.ActiveCfg = Debug|Any CPU
		{E5A94BA6-9271-4361-9CE6-148832C93710}.Debug|Any CPU.Build.0 = Debug|Any CPU
		{E5A94BA6-9271-4361-9CE6-148832C93710}.Release|Any CPU.ActiveCfg = Release|Any CPU
		{E5A94BA6-9271-4361-9CE6-148832C93710}.Release|Any CPU.Build.0 = Release|Any CPU
		{6B42F5A1-1134-4109-9D27-93B486DA8B9B}.Debug|Any CPU.ActiveCfg = Debug|Any CPU
		{6B42F5A1-1134-4109-9D27-93B486DA8B9B}.Debug|Any CPU.Build.0 = Debug|Any CPU
		{6B42F5A1-1134-4109-9D27-93B486DA8B9B}.Release|Any CPU.ActiveCfg = Release|Any CPU
		{6B42F5A1-1134-4109-9D27-93B486DA8B9B}.Release|Any CPU.Build.0 = Release|Any CPU
	EndGlobalSection
	GlobalSection(SolutionProperties) = preSolution
		HideSolutionNode = FALSE
	EndGlobalSection
	GlobalSection(ExtensibilityGlobals) = postSolution
		SolutionGuid = {8B4DA9DA-DECD-444F-B06F-D197857F3B57}
	EndGlobalSection
EndGlobal
